
Microsoft Visual Studio Solution File, Format Version 12.00
# Visual Studio Version 17
VisualStudioVersion = 17.9.34902.65
MinimumVisualStudioVersion = 10.0.40219.1
Project("{9A19103F-16F7-4668-BE54-9A1E7A4F7556}") = "MongoTest.WebApi", "MongoTest.WebApi\MongoTest.WebApi.csproj", "{317109EA-E1BA-4F2A-AFF2-388E821D8737}"
EndProject
Project("{9A19103F-16F7-4668-BE54-9A1E7A4F7556}") = "MongoTest.Data", "MongoTest.Data\MongoTest.Data.csproj", "{ADA88694-45BD-4347-94C9-A5A622CB1F06}"
EndProject
Project("{9A19103F-16F7-4668-BE54-9A1E7A4F7556}") = "MongoTest.DataMigration", "MongoTest.DataMigration\MongoTest.DataMigration.csproj", "{04321A48-87F2-469A-9AA4-3E2505814A84}"
	ProjectSection(ProjectDependencies) = postProject
		{ADA88694-45BD-4347-94C9-A5A622CB1F06} = {ADA88694-45BD-4347-94C9-A5A622CB1F06}
	EndProjectSection
EndProject
Project("{9A19103F-16F7-4668-BE54-9A1E7A4F7556}") = "MongoTest.Core", "MongoTest.Core\MongoTest.Core.csproj", "{147145AF-6ECE-41DA-9ACE-CB0A0A3BAE78}"
EndProject
Project("{9A19103F-16F7-4668-BE54-9A1E7A4F7556}") = "MongoTest.Services", "MongoTest.Services\MongoTest.Services.csproj", "{A6E244A8-67F6-4E6F-B93F-15B4D312A48A}"
EndProject
Global
	GlobalSection(SolutionConfigurationPlatforms) = preSolution
		Debug|Any CPU = Debug|Any CPU
		Release|Any CPU = Release|Any CPU
	EndGlobalSection
	GlobalSection(ProjectConfigurationPlatforms) = postSolution
		{317109EA-E1BA-4F2A-AFF2-388E821D8737}.Debug|Any CPU.ActiveCfg = Debug|Any CPU
		{317109EA-E1BA-4F2A-AFF2-388E821D8737}.Debug|Any CPU.Build.0 = Debug|Any CPU
		{317109EA-E1BA-4F2A-AFF2-388E821D8737}.Release|Any CPU.ActiveCfg = Release|Any CPU
		{317109EA-E1BA-4F2A-AFF2-388E821D8737}.Release|Any CPU.Build.0 = Release|Any CPU
		{ADA88694-45BD-4347-94C9-A5A622CB1F06}.Debug|Any CPU.ActiveCfg = Debug|Any CPU
		{ADA88694-45BD-4347-94C9-A5A622CB1F06}.Debug|Any CPU.Build.0 = Debug|Any CPU
		{ADA88694-45BD-4347-94C9-A5A622CB1F06}.Release|Any CPU.ActiveCfg = Release|Any CPU
		{ADA88694-45BD-4347-94C9-A5A622CB1F06}.Release|Any CPU.Build.0 = Release|Any CPU
		{04321A48-87F2-469A-9AA4-3E2505814A84}.Debug|Any CPU.ActiveCfg = Debug|Any CPU
		{04321A48-87F2-469A-9AA4-3E2505814A84}.Debug|Any CPU.Build.0 = Debug|Any CPU
		{04321A48-87F2-469A-9AA4-3E2505814A84}.Release|Any CPU.ActiveCfg = Release|Any CPU
		{04321A48-87F2-469A-9AA4-3E2505814A84}.Release|Any CPU.Build.0 = Release|Any CPU
		{147145AF-6ECE-41DA-9ACE-CB0A0A3BAE78}.Debug|Any CPU.ActiveCfg = Debug|Any CPU
		{147145AF-6ECE-41DA-9ACE-CB0A0A3BAE78}.Debug|Any CPU.Build.0 = Debug|Any CPU
		{147145AF-6ECE-41DA-9ACE-CB0A0A3BAE78}.Release|Any CPU.ActiveCfg = Release|Any CPU
		{147145AF-6ECE-41DA-9ACE-CB0A0A3BAE78}.Release|Any CPU.Build.0 = Release|Any CPU
		{A6E244A8-67F6-4E6F-B93F-15B4D312A48A}.Debug|Any CPU.ActiveCfg = Debug|Any CPU
		{A6E244A8-67F6-4E6F-B93F-15B4D312A48A}.Debug|Any CPU.Build.0 = Debug|Any CPU
		{A6E244A8-67F6-4E6F-B93F-15B4D312A48A}.Release|Any CPU.ActiveCfg = Release|Any CPU
		{A6E244A8-67F6-4E6F-B93F-15B4D312A48A}.Release|Any CPU.Build.0 = Release|Any CPU
	EndGlobalSection
	GlobalSection(SolutionProperties) = preSolution
		HideSolutionNode = FALSE
	EndGlobalSection
	GlobalSection(ExtensibilityGlobals) = postSolution
		SolutionGuid = {B525359D-1619-4ED5-9BA8-49BD27561A59}
	EndGlobalSection
EndGlobal
